// !$*UTF8*$!
{
	archiveVersion = 1;
	classes = {
	};
	objectVersion = 56;
	objects = {

/* Begin PBXBuildFile section */
		DCF333CD2927A5EB000AEB9F /* AppDelegate.swift in Sources */ = {isa = PBXBuildFile; fileRef = DCF333CC2927A5EB000AEB9F /* AppDelegate.swift */; };
		DCF333CF2927A5EB000AEB9F /* SceneDelegate.swift in Sources */ = {isa = PBXBuildFile; fileRef = DCF333CE2927A5EB000AEB9F /* SceneDelegate.swift */; };
		DCF333D12927A5EB000AEB9F /* ViewController.swift in Sources */ = {isa = PBXBuildFile; fileRef = DCF333D02927A5EB000AEB9F /* ViewController.swift */; };
		DCF333D42927A5EB000AEB9F /* Main.storyboard in Resources */ = {isa = PBXBuildFile; fileRef = DCF333D22927A5EB000AEB9F /* Main.storyboard */; };
		DCF333D62927A5EC000AEB9F /* Assets.xcassets in Resources */ = {isa = PBXBuildFile; fileRef = DCF333D52927A5EC000AEB9F /* Assets.xcassets */; };
		DCF333D92927A5EC000AEB9F /* LaunchScreen.storyboard in Resources */ = {isa = PBXBuildFile; fileRef = DCF333D72927A5EC000AEB9F /* LaunchScreen.storyboard */; };
		DCF333E42927A5EC000AEB9F /* unity_iosTests.swift in Sources */ = {isa = PBXBuildFile; fileRef = DCF333E32927A5EC000AEB9F /* unity_iosTests.swift */; };
		DCF333EE2927A5EC000AEB9F /* unity_iosUITests.swift in Sources */ = {isa = PBXBuildFile; fileRef = DCF333ED2927A5EC000AEB9F /* unity_iosUITests.swift */; };
		DCF333F02927A5EC000AEB9F /* unity_iosUITestsLaunchTests.swift in Sources */ = {isa = PBXBuildFile; fileRef = DCF333EF2927A5EC000AEB9F /* unity_iosUITestsLaunchTests.swift */; };
/* End PBXBuildFile section */

/* Begin PBXContainerItemProxy section */
		DCF333E02927A5EC000AEB9F /* PBXContainerItemProxy */ = {
			isa = PBXContainerItemProxy;
			containerPortal = DCF333C12927A5EB000AEB9F /* Project object */;
			proxyType = 1;
			remoteGlobalIDString = DCF333C82927A5EB000AEB9F;
			remoteInfo = "unity-ios";
		};
		DCF333EA2927A5EC000AEB9F /* PBXContainerItemProxy */ = {
			isa = PBXContainerItemProxy;
			containerPortal = DCF333C12927A5EB000AEB9F /* Project object */;
			proxyType = 1;
			remoteGlobalIDString = DCF333C82927A5EB000AEB9F;
			remoteInfo = "unity-ios";
		};
/* End PBXContainerItemProxy section */

/* Begin PBXFileReference section */
		DCF333C92927A5EB000AEB9F /* unity-ios.app */ = {isa = PBXFileReference; explicitFileType = wrapper.application; includeInIndex = 0; path = "unity-ios.app"; sourceTree = BUILT_PRODUCTS_DIR; };
		DCF333CC2927A5EB000AEB9F /* AppDelegate.swift */ = {isa = PBXFileReference; lastKnownFileType = sourcecode.swift; path = AppDelegate.swift; sourceTree = "<group>"; };
		DCF333CE2927A5EB000AEB9F /* SceneDelegate.swift */ = {isa = PBXFileReference; lastKnownFileType = sourcecode.swift; path = SceneDelegate.swift; sourceTree = "<group>"; };
		DCF333D02927A5EB000AEB9F /* ViewController.swift */ = {isa = PBXFileReference; lastKnownFileType = sourcecode.swift; path = ViewController.swift; sourceTree = "<group>"; };
		DCF333D32927A5EB000AEB9F /* Base */ = {isa = PBXFileReference; lastKnownFileType = file.storyboard; name = Base; path = Base.lproj/Main.storyboard; sourceTree = "<group>"; };
		DCF333D52927A5EC000AEB9F /* Assets.xcassets */ = {isa = PBXFileReference; lastKnownFileType = folder.assetcatalog; path = Assets.xcassets; sourceTree = "<group>"; };
		DCF333D82927A5EC000AEB9F /* Base */ = {isa = PBXFileReference; lastKnownFileType = file.storyboard; name = Base; path = Base.lproj/LaunchScreen.storyboard; sourceTree = "<group>"; };
		DCF333DA2927A5EC000AEB9F /* Info.plist */ = {isa = PBXFileReference; lastKnownFileType = text.plist.xml; path = Info.plist; sourceTree = "<group>"; };
		DCF333DF2927A5EC000AEB9F /* unity-iosTests.xctest */ = {isa = PBXFileReference; explicitFileType = wrapper.cfbundle; includeInIndex = 0; path = "unity-iosTests.xctest"; sourceTree = BUILT_PRODUCTS_DIR; };
		DCF333E32927A5EC000AEB9F /* unity_iosTests.swift */ = {isa = PBXFileReference; lastKnownFileType = sourcecode.swift; path = unity_iosTests.swift; sourceTree = "<group>"; };
		DCF333E92927A5EC000AEB9F /* unity-iosUITests.xctest */ = {isa = PBXFileReference; explicitFileType = wrapper.cfbundle; includeInIndex = 0; path = "unity-iosUITests.xctest"; sourceTree = BUILT_PRODUCTS_DIR; };
		DCF333ED2927A5EC000AEB9F /* unity_iosUITests.swift */ = {isa = PBXFileReference; lastKnownFileType = sourcecode.swift; path = unity_iosUITests.swift; sourceTree = "<group>"; };
		DCF333EF2927A5EC000AEB9F /* unity_iosUITestsLaunchTests.swift */ = {isa = PBXFileReference; lastKnownFileType = sourcecode.swift; path = unity_iosUITestsLaunchTests.swift; sourceTree = "<group>"; };
/* End PBXFileReference section */

/* Begin PBXFrameworksBuildPhase section */
		DCF333C62927A5EB000AEB9F /* Frameworks */ = {
			isa = PBXFrameworksBuildPhase;
			buildActionMask = 2147483647;
			files = (
			);
			runOnlyForDeploymentPostprocessing = 0;
		};
		DCF333DC2927A5EC000AEB9F /* Frameworks */ = {
			isa = PBXFrameworksBuildPhase;
			buildActionMask = 2147483647;
			files = (
			);
			runOnlyForDeploymentPostprocessing = 0;
		};
		DCF333E62927A5EC000AEB9F /* Frameworks */ = {
			isa = PBXFrameworksBuildPhase;
			buildActionMask = 2147483647;
			files = (
			);
			runOnlyForDeploymentPostprocessing = 0;
		};
/* End PBXFrameworksBuildPhase section */

/* Begin PBXGroup section */
		DCF333C02927A5EB000AEB9F = {
			isa = PBXGroup;
			children = (
				DCF333CB2927A5EB000AEB9F /* unity-ios */,
				DCF333E22927A5EC000AEB9F /* unity-iosTests */,
				DCF333EC2927A5EC000AEB9F /* unity-iosUITests */,
				DCF333CA2927A5EB000AEB9F /* Products */,
			);
			sourceTree = "<group>";
		};
		DCF333CA2927A5EB000AEB9F /* Products */ = {
			isa = PBXGroup;
			children = (
				DCF333C92927A5EB000AEB9F /* unity-ios.app */,
				DCF333DF2927A5EC000AEB9F /* unity-iosTests.xctest */,
				DCF333E92927A5EC000AEB9F /* unity-iosUITests.xctest */,
			);
			name = Products;
			sourceTree = "<group>";
		};
		DCF333CB2927A5EB000AEB9F /* unity-ios */ = {
			isa = PBXGroup;
			children = (
				DCF333CC2927A5EB000AEB9F /* AppDelegate.swift */,
				DCF333CE2927A5EB000AEB9F /* SceneDelegate.swift */,
				DCF333D02927A5EB000AEB9F /* ViewController.swift */,
				DCF333D22927A5EB000AEB9F /* Main.storyboard */,
				DCF333D52927A5EC000AEB9F /* Assets.xcassets */,
				DCF333D72927A5EC000AEB9F /* LaunchScreen.storyboard */,
				DCF333DA2927A5EC000AEB9F /* Info.plist */,
			);
			path = "unity-ios";
			sourceTree = "<group>";
		};
		DCF333E22927A5EC000AEB9F /* unity-iosTests */ = {
			isa = PBXGroup;
			children = (
				DCF333E32927A5EC000AEB9F /* unity_iosTests.swift */,
			);
			path = "unity-iosTests";
			sourceTree = "<group>";
		};
		DCF333EC2927A5EC000AEB9F /* unity-iosUITests */ = {
			isa = PBXGroup;
			children = (
				DCF333ED2927A5EC000AEB9F /* unity_iosUITests.swift */,
				DCF333EF2927A5EC000AEB9F /* unity_iosUITestsLaunchTests.swift */,
			);
			path = "unity-iosUITests";
			sourceTree = "<group>";
		};
/* End PBXGroup section */

/* Begin PBXNativeTarget section */
		DCF333C82927A5EB000AEB9F /* unity-ios */ = {
			isa = PBXNativeTarget;
			buildConfigurationList = DCF333F32927A5EC000AEB9F /* Build configuration list for PBXNativeTarget "unity-ios" */;
			buildPhases = (
				DCF333C52927A5EB000AEB9F /* Sources */,
				DCF333C62927A5EB000AEB9F /* Frameworks */,
				DCF333C72927A5EB000AEB9F /* Resources */,
			);
			buildRules = (
			);
			dependencies = (
			);
			name = "unity-ios";
			productName = "unity-ios";
			productReference = DCF333C92927A5EB000AEB9F /* unity-ios.app */;
			productType = "com.apple.product-type.application";
		};
		DCF333DE2927A5EC000AEB9F /* unity-iosTests */ = {
			isa = PBXNativeTarget;
			buildConfigurationList = DCF333F62927A5EC000AEB9F /* Build configuration list for PBXNativeTarget "unity-iosTests" */;
			buildPhases = (
				DCF333DB2927A5EC000AEB9F /* Sources */,
				DCF333DC2927A5EC000AEB9F /* Frameworks */,
				DCF333DD2927A5EC000AEB9F /* Resources */,
			);
			buildRules = (
			);
			dependencies = (
				DCF333E12927A5EC000AEB9F /* PBXTargetDependency */,
			);
			name = "unity-iosTests";
			productName = "unity-iosTests";
			productReference = DCF333DF2927A5EC000AEB9F /* unity-iosTests.xctest */;
			productType = "com.apple.product-type.bundle.unit-test";
		};
		DCF333E82927A5EC000AEB9F /* unity-iosUITests */ = {
			isa = PBXNativeTarget;
			buildConfigurationList = DCF333F92927A5EC000AEB9F /* Build configuration list for PBXNativeTarget "unity-iosUITests" */;
			buildPhases = (
				DCF333E52927A5EC000AEB9F /* Sources */,
				DCF333E62927A5EC000AEB9F /* Frameworks */,
				DCF333E72927A5EC000AEB9F /* Resources */,
			);
			buildRules = (
			);
			dependencies = (
				DCF333EB2927A5EC000AEB9F /* PBXTargetDependency */,
			);
			name = "unity-iosUITests";
			productName = "unity-iosUITests";
			productReference = DCF333E92927A5EC000AEB9F /* unity-iosUITests.xctest */;
			productType = "com.apple.product-type.bundle.ui-testing";
		};
/* End PBXNativeTarget section */

/* Begin PBXProject section */
		DCF333C12927A5EB000AEB9F /* Project object */ = {
			isa = PBXProject;
			attributes = {
				BuildIndependentTargetsInParallel = 1;
				LastSwiftUpdateCheck = 1410;
				LastUpgradeCheck = 1410;
				TargetAttributes = {
					DCF333C82927A5EB000AEB9F = {
						CreatedOnToolsVersion = 14.1;
					};
					DCF333DE2927A5EC000AEB9F = {
						CreatedOnToolsVersion = 14.1;
						TestTargetID = DCF333C82927A5EB000AEB9F;
					};
					DCF333E82927A5EC000AEB9F = {
						CreatedOnToolsVersion = 14.1;
						TestTargetID = DCF333C82927A5EB000AEB9F;
					};
				};
			};
			buildConfigurationList = DCF333C42927A5EB000AEB9F /* Build configuration list for PBXProject "unity-ios" */;
			compatibilityVersion = "Xcode 14.0";
			developmentRegion = en;
			hasScannedForEncodings = 0;
			knownRegions = (
				en,
				Base,
			);
			mainGroup = DCF333C02927A5EB000AEB9F;
			productRefGroup = DCF333CA2927A5EB000AEB9F /* Products */;
			projectDirPath = "";
			projectRoot = "";
			targets = (
				DCF333C82927A5EB000AEB9F /* unity-ios */,
				DCF333DE2927A5EC000AEB9F /* unity-iosTests */,
				DCF333E82927A5EC000AEB9F /* unity-iosUITests */,
			);
		};
/* End PBXProject section */

/* Begin PBXResourcesBuildPhase section */
		DCF333C72927A5EB000AEB9F /* Resources */ = {
			isa = PBXResourcesBuildPhase;
			buildActionMask = 2147483647;
			files = (
				DCF333D92927A5EC000AEB9F /* LaunchScreen.storyboard in Resources */,
				DCF333D62927A5EC000AEB9F /* Assets.xcassets in Resources */,
				DCF333D42927A5EB000AEB9F /* Main.storyboard in Resources */,
			);
			runOnlyForDeploymentPostprocessing = 0;
		};
		DCF333DD2927A5EC000AEB9F /* Resources */ = {
			isa = PBXResourcesBuildPhase;
			buildActionMask = 2147483647;
			files = (
			);
			runOnlyForDeploymentPostprocessing = 0;
		};
		DCF333E72927A5EC000AEB9F /* Resources */ = {
			isa = PBXResourcesBuildPhase;
			buildActionMask = 2147483647;
			files = (
			);
			runOnlyForDeploymentPostprocessing = 0;
		};
/* End PBXResourcesBuildPhase section */

/* Begin PBXSourcesBuildPhase section */
		DCF333C52927A5EB000AEB9F /* Sources */ = {
			isa = PBXSourcesBuildPhase;
			buildActionMask = 2147483647;
			files = (
				DCF333D12927A5EB000AEB9F /* ViewController.swift in Sources */,
				DCF333CD2927A5EB000AEB9F /* AppDelegate.swift in Sources */,
				DCF333CF2927A5EB000AEB9F /* SceneDelegate.swift in Sources */,
			);
			runOnlyForDeploymentPostprocessing = 0;
		};
		DCF333DB2927A5EC000AEB9F /* Sources */ = {
			isa = PBXSourcesBuildPhase;
			buildActionMask = 2147483647;
			files = (
				DCF333E42927A5EC000AEB9F /* unity_iosTests.swift in Sources */,
			);
			runOnlyForDeploymentPostprocessing = 0;
		};
		DCF333E52927A5EC000AEB9F /* Sources */ = {
			isa = PBXSourcesBuildPhase;
			buildActionMask = 2147483647;
			files = (
				DCF333F02927A5EC000AEB9F /* unity_iosUITestsLaunchTests.swift in Sources */,
				DCF333EE2927A5EC000AEB9F /* unity_iosUITests.swift in Sources */,
			);
			runOnlyForDeploymentPostprocessing = 0;
		};
/* End PBXSourcesBuildPhase section */

/* Begin PBXTargetDependency section */
		DCF333E12927A5EC000AEB9F /* PBXTargetDependency */ = {
			isa = PBXTargetDependency;
			target = DCF333C82927A5EB000AEB9F /* unity-ios */;
			targetProxy = DCF333E02927A5EC000AEB9F /* PBXContainerItemProxy */;
		};
		DCF333EB2927A5EC000AEB9F /* PBXTargetDependency */ = {
			isa = PBXTargetDependency;
			target = DCF333C82927A5EB000AEB9F /* unity-ios */;
			targetProxy = DCF333EA2927A5EC000AEB9F /* PBXContainerItemProxy */;
		};
/* End PBXTargetDependency section */

/* Begin PBXVariantGroup section */
		DCF333D22927A5EB000AEB9F /* Main.storyboard */ = {
			isa = PBXVariantGroup;
			children = (
				DCF333D32927A5EB000AEB9F /* Base */,
			);
			name = Main.storyboard;
			sourceTree = "<group>";
		};
		DCF333D72927A5EC000AEB9F /* LaunchScreen.storyboard */ = {
			isa = PBXVariantGroup;
			children = (
				DCF333D82927A5EC000AEB9F /* Base */,
			);
			name = LaunchScreen.storyboard;
			sourceTree = "<group>";
		};
/* End PBXVariantGroup section */

/* Begin XCBuildConfiguration section */
		DCF333F12927A5EC000AEB9F /* Debug */ = {
			isa = XCBuildConfiguration;
			buildSettings = {
				ALWAYS_SEARCH_USER_PATHS = NO;
				CLANG_ANALYZER_NONNULL = YES;
				CLANG_ANALYZER_NUMBER_OBJECT_CONVERSION = YES_AGGRESSIVE;
				CLANG_CXX_LANGUAGE_STANDARD = "gnu++20";
				CLANG_ENABLE_MODULES = YES;
				CLANG_ENABLE_OBJC_ARC = YES;
				CLANG_ENABLE_OBJC_WEAK = YES;
				CLANG_WARN_BLOCK_CAPTURE_AUTORELEASING = YES;
				CLANG_WARN_BOOL_CONVERSION = YES;
				CLANG_WARN_COMMA = YES;
				CLANG_WARN_CONSTANT_CONVERSION = YES;
				CLANG_WARN_DEPRECATED_OBJC_IMPLEMENTATIONS = YES;
				CLANG_WARN_DIRECT_OBJC_ISA_USAGE = YES_ERROR;
				CLANG_WARN_DOCUMENTATION_COMMENTS = YES;
				CLANG_WARN_EMPTY_BODY = YES;
				CLANG_WARN_ENUM_CONVERSION = YES;
				CLANG_WARN_INFINITE_RECURSION = YES;
				CLANG_WARN_INT_CONVERSION = YES;
				CLANG_WARN_NON_LITERAL_NULL_CONVERSION = YES;
				CLANG_WARN_OBJC_IMPLICIT_RETAIN_SELF = YES;
				CLANG_WARN_OBJC_LITERAL_CONVERSION = YES;
				CLANG_WARN_OBJC_ROOT_CLASS = YES_ERROR;
				CLANG_WARN_QUOTED_INCLUDE_IN_FRAMEWORK_HEADER = YES;
				CLANG_WARN_RANGE_LOOP_ANALYSIS = YES;
				CLANG_WARN_STRICT_PROTOTYPES = YES;
				CLANG_WARN_SUSPICIOUS_MOVE = YES;
				CLANG_WARN_UNGUARDED_AVAILABILITY = YES_AGGRESSIVE;
				CLANG_WARN_UNREACHABLE_CODE = YES;
				CLANG_WARN__DUPLICATE_METHOD_MATCH = YES;
				COPY_PHASE_STRIP = NO;
				DEBUG_INFORMATION_FORMAT = dwarf;
				ENABLE_STRICT_OBJC_MSGSEND = YES;
				ENABLE_TESTABILITY = YES;
				GCC_C_LANGUAGE_STANDARD = gnu11;
				GCC_DYNAMIC_NO_PIC = NO;
				GCC_NO_COMMON_BLOCKS = YES;
				GCC_OPTIMIZATION_LEVEL = 0;
				GCC_PREPROCESSOR_DEFINITIONS = (
					"DEBUG=1",
					"$(inherited)",
				);
				GCC_WARN_64_TO_32_BIT_CONVERSION = YES;
				GCC_WARN_ABOUT_RETURN_TYPE = YES_ERROR;
				GCC_WARN_UNDECLARED_SELECTOR = YES;
				GCC_WARN_UNINITIALIZED_AUTOS = YES_AGGRESSIVE;
				GCC_WARN_UNUSED_FUNCTION = YES;
				GCC_WARN_UNUSED_VARIABLE = YES;
				IPHONEOS_DEPLOYMENT_TARGET = 16.1;
				MTL_ENABLE_DEBUG_INFO = INCLUDE_SOURCE;
				MTL_FAST_MATH = YES;
				ONLY_ACTIVE_ARCH = YES;
				SDKROOT = iphoneos;
				SWIFT_ACTIVE_COMPILATION_CONDITIONS = DEBUG;
				SWIFT_OPTIMIZATION_LEVEL = "-Onone";
			};
			name = Debug;
		};
		DCF333F22927A5EC000AEB9F /* Release */ = {
			isa = XCBuildConfiguration;
			buildSettings = {
				ALWAYS_SEARCH_USER_PATHS = NO;
				CLANG_ANALYZER_NONNULL = YES;
				CLANG_ANALYZER_NUMBER_OBJECT_CONVERSION = YES_AGGRESSIVE;
				CLANG_CXX_LANGUAGE_STANDARD = "gnu++20";
				CLANG_ENABLE_MODULES = YES;
				CLANG_ENABLE_OBJC_ARC = YES;
				CLANG_ENABLE_OBJC_WEAK = YES;
				CLANG_WARN_BLOCK_CAPTURE_AUTORELEASING = YES;
				CLANG_WARN_BOOL_CONVERSION = YES;
				CLANG_WARN_COMMA = YES;
				CLANG_WARN_CONSTANT_CONVERSION = YES;
				CLANG_WARN_DEPRECATED_OBJC_IMPLEMENTATIONS = YES;
				CLANG_WARN_DIRECT_OBJC_ISA_USAGE = YES_ERROR;
				CLANG_WARN_DOCUMENTATION_COMMENTS = YES;
				CLANG_WARN_EMPTY_BODY = YES;
				CLANG_WARN_ENUM_CONVERSION = YES;
				CLANG_WARN_INFINITE_RECURSION = YES;
				CLANG_WARN_INT_CONVERSION = YES;
				CLANG_WARN_NON_LITERAL_NULL_CONVERSION = YES;
				CLANG_WARN_OBJC_IMPLICIT_RETAIN_SELF = YES;
				CLANG_WARN_OBJC_LITERAL_CONVERSION = YES;
				CLANG_WARN_OBJC_ROOT_CLASS = YES_ERROR;
				CLANG_WARN_QUOTED_INCLUDE_IN_FRAMEWORK_HEADER = YES;
				CLANG_WARN_RANGE_LOOP_ANALYSIS = YES;
				CLANG_WARN_STRICT_PROTOTYPES = YES;
				CLANG_WARN_SUSPICIOUS_MOVE = YES;
				CLANG_WARN_UNGUARDED_AVAILABILITY = YES_AGGRESSIVE;
				CLANG_WARN_UNREACHABLE_CODE = YES;
				CLANG_WARN__DUPLICATE_METHOD_MATCH = YES;
				COPY_PHASE_STRIP = NO;
				DEBUG_INFORMATION_FORMAT = "dwarf-with-dsym";
				ENABLE_NS_ASSERTIONS = NO;
				ENABLE_STRICT_OBJC_MSGSEND = YES;
				GCC_C_LANGUAGE_STANDARD = gnu11;
				GCC_NO_COMMON_BLOCKS = YES;
				GCC_WARN_64_TO_32_BIT_CONVERSION = YES;
				GCC_WARN_ABOUT_RETURN_TYPE = YES_ERROR;
				GCC_WARN_UNDECLARED_SELECTOR = YES;
				GCC_WARN_UNINITIALIZED_AUTOS = YES_AGGRESSIVE;
				GCC_WARN_UNUSED_FUNCTION = YES;
				GCC_WARN_UNUSED_VARIABLE = YES;
				IPHONEOS_DEPLOYMENT_TARGET = 16.1;
				MTL_ENABLE_DEBUG_INFO = NO;
				MTL_FAST_MATH = YES;
				SDKROOT = iphoneos;
				SWIFT_COMPILATION_MODE = wholemodule;
				SWIFT_OPTIMIZATION_LEVEL = "-O";
				VALIDATE_PRODUCT = YES;
			};
			name = Release;
		};
		DCF333F42927A5EC000AEB9F /* Debug */ = {
			isa = XCBuildConfiguration;
			buildSettings = {
				ASSETCATALOG_COMPILER_APPICON_NAME = AppIcon;
				ASSETCATALOG_COMPILER_GLOBAL_ACCENT_COLOR_NAME = AccentColor;
				CODE_SIGN_STYLE = Automatic;
				CURRENT_PROJECT_VERSION = 1;
				DEVELOPMENT_TEAM = 424M5254LK;
				GENERATE_INFOPLIST_FILE = YES;
				INFOPLIST_FILE = "unity-ios/Info.plist";
				INFOPLIST_KEY_UIApplicationSupportsIndirectInputEvents = YES;
				INFOPLIST_KEY_UILaunchStoryboardName = LaunchScreen;
				INFOPLIST_KEY_UIMainStoryboardFile = Main;
				INFOPLIST_KEY_UISupportedInterfaceOrientations_iPad = "UIInterfaceOrientationPortrait UIInterfaceOrientationPortraitUpsideDown UIInterfaceOrientationLandscapeLeft UIInterfaceOrientationLandscapeRight";
				INFOPLIST_KEY_UISupportedInterfaceOrientations_iPhone = "UIInterfaceOrientationPortrait UIInterfaceOrientationLandscapeLeft UIInterfaceOrientationLandscapeRight";
				LD_RUNPATH_SEARCH_PATHS = (
					"$(inherited)",
					"@executable_path/Frameworks",
				);
				MARKETING_VERSION = 1.0;
				PRODUCT_BUNDLE_IDENTIFIER = "com.snap.camerakitsamples.unity-ios";
				PRODUCT_NAME = "$(TARGET_NAME)";
				SWIFT_EMIT_LOC_STRINGS = YES;
				SWIFT_VERSION = 5.0;
				TARGETED_DEVICE_FAMILY = "1,2";
			};
			name = Debug;
		};
		DCF333F52927A5EC000AEB9F /* Release */ = {
			isa = XCBuildConfiguration;
			buildSettings = {
				ASSETCATALOG_COMPILER_APPICON_NAME = AppIcon;
				ASSETCATALOG_COMPILER_GLOBAL_ACCENT_COLOR_NAME = AccentColor;
				CODE_SIGN_STYLE = Automatic;
				CURRENT_PROJECT_VERSION = 1;
				DEVELOPMENT_TEAM = 424M5254LK;
				GENERATE_INFOPLIST_FILE = YES;
				INFOPLIST_FILE = "unity-ios/Info.plist";
				INFOPLIST_KEY_UIApplicationSupportsIndirectInputEvents = YES;
				INFOPLIST_KEY_UILaunchStoryboardName = LaunchScreen;
				INFOPLIST_KEY_UIMainStoryboardFile = Main;
				INFOPLIST_KEY_UISupportedInterfaceOrientations_iPad = "UIInterfaceOrientationPortrait UIInterfaceOrientationPortraitUpsideDown UIInterfaceOrientationLandscapeLeft UIInterfaceOrientationLandscapeRight";
				INFOPLIST_KEY_UISupportedInterfaceOrientations_iPhone = "UIInterfaceOrientationPortrait UIInterfaceOrientationLandscapeLeft UIInterfaceOrientationLandscapeRight";
				LD_RUNPATH_SEARCH_PATHS = (
					"$(inherited)",
					"@executable_path/Frameworks",
				);
				MARKETING_VERSION = 1.0;
				PRODUCT_BUNDLE_IDENTIFIER = "com.snap.camerakitsamples.unity-ios";
				PRODUCT_NAME = "$(TARGET_NAME)";
				SWIFT_EMIT_LOC_STRINGS = YES;
				SWIFT_VERSION = 5.0;
				TARGETED_DEVICE_FAMILY = "1,2";
			};
			name = Release;
		};
		DCF333F72927A5EC000AEB9F /* Debug */ = {
			isa = XCBuildConfiguration;
			buildSettings = {
				ALWAYS_EMBED_SWIFT_STANDARD_LIBRARIES = YES;
				BUNDLE_LOADER = "$(TEST_HOST)";
				CODE_SIGN_STYLE = Automatic;
				CURRENT_PROJECT_VERSION = 1;
				DEVELOPMENT_TEAM = 424M5254LK;
				GENERATE_INFOPLIST_FILE = YES;
				IPHONEOS_DEPLOYMENT_TARGET = 16.1;
				MARKETING_VERSION = 1.0;
				PRODUCT_BUNDLE_IDENTIFIER = "com.snap.camerakitsamples.unity-iosTests";
				PRODUCT_NAME = "$(TARGET_NAME)";
				SWIFT_EMIT_LOC_STRINGS = NO;
				SWIFT_VERSION = 5.0;
				TARGETED_DEVICE_FAMILY = "1,2";
				TEST_HOST = "$(BUILT_PRODUCTS_DIR)/unity-ios.app/$(BUNDLE_EXECUTABLE_FOLDER_PATH)/unity-ios";
			};
			name = Debug;
		};
		DCF333F82927A5EC000AEB9F /* Release */ = {
			isa = XCBuildConfiguration;
			buildSettings = {
				ALWAYS_EMBED_SWIFT_STANDARD_LIBRARIES = YES;
				BUNDLE_LOADER = "$(TEST_HOST)";
				CODE_SIGN_STYLE = Automatic;
				CURRENT_PROJECT_VERSION = 1;
				DEVELOPMENT_TEAM = 424M5254LK;
				GENERATE_INFOPLIST_FILE = YES;
				IPHONEOS_DEPLOYMENT_TARGET = 16.1;
				MARKETING_VERSION = 1.0;
				PRODUCT_BUNDLE_IDENTIFIER = "com.snap.camerakitsamples.unity-iosTests";
				PRODUCT_NAME = "$(TARGET_NAME)";
				SWIFT_EMIT_LOC_STRINGS = NO;
				SWIFT_VERSION = 5.0;
				TARGETED_DEVICE_FAMILY = "1,2";
				TEST_HOST = "$(BUILT_PRODUCTS_DIR)/unity-ios.app/$(BUNDLE_EXECUTABLE_FOLDER_PATH)/unity-ios";
			};
			name = Release;
		};
		DCF333FA2927A5EC000AEB9F /* Debug */ = {
			isa = XCBuildConfiguration;
			buildSettings = {
				ALWAYS_EMBED_SWIFT_STANDARD_LIBRARIES = YES;
				CODE_SIGN_STYLE = Automatic;
				CURRENT_PROJECT_VERSION = 1;
				DEVELOPMENT_TEAM = 424M5254LK;
				GENERATE_INFOPLIST_FILE = YES;
				MARKETING_VERSION = 1.0;
				PRODUCT_BUNDLE_IDENTIFIER = "com.snap.camerakitsamples.unity-iosUITests";
				PRODUCT_NAME = "$(TARGET_NAME)";
				SWIFT_EMIT_LOC_STRINGS = NO;
				SWIFT_VERSION = 5.0;
				TARGETED_DEVICE_FAMILY = "1,2";
				TEST_TARGET_NAME = "unity-ios";
			};
			name = Debug;
		};
		DCF333FB2927A5EC000AEB9F /* Release */ = {
			isa = XCBuildConfiguration;
			buildSettings = {
				ALWAYS_EMBED_SWIFT_STANDARD_LIBRARIES = YES;
				CODE_SIGN_STYLE = Automatic;
				CURRENT_PROJECT_VERSION = 1;
				DEVELOPMENT_TEAM = 424M5254LK;
				GENERATE_INFOPLIST_FILE = YES;
				MARKETING_VERSION = 1.0;
				PRODUCT_BUNDLE_IDENTIFIER = "com.snap.camerakitsamples.unity-iosUITests";
				PRODUCT_NAME = "$(TARGET_NAME)";
				SWIFT_EMIT_LOC_STRINGS = NO;
				SWIFT_VERSION = 5.0;
				TARGETED_DEVICE_FAMILY = "1,2";
				TEST_TARGET_NAME = "unity-ios";
			};
			name = Release;
		};
/* End XCBuildConfiguration section */

/* Begin XCConfigurationList section */
		DCF333C42927A5EB000AEB9F /* Build configuration list for PBXProject "unity-ios" */ = {
			isa = XCConfigurationList;
			buildConfigurations = (
				DCF333F12927A5EC000AEB9F /* Debug */,
				DCF333F22927A5EC000AEB9F /* Release */,
			);
			defaultConfigurationIsVisible = 0;
			defaultConfigurationName = Release;
		};
		DCF333F32927A5EC000AEB9F /* Build configuration list for PBXNativeTarget "unity-ios" */ = {
			isa = XCConfigurationList;
			buildConfigurations = (
				DCF333F42927A5EC000AEB9F /* Debug */,
				DCF333F52927A5EC000AEB9F /* Release */,
			);
			defaultConfigurationIsVisible = 0;
			defaultConfigurationName = Release;
		};
		DCF333F62927A5EC000AEB9F /* Build configuration list for PBXNativeTarget "unity-iosTests" */ = {
			isa = XCConfigurationList;
			buildConfigurations = (
				DCF333F72927A5EC000AEB9F /* Debug */,
				DCF333F82927A5EC000AEB9F /* Release */,
			);
			defaultConfigurationIsVisible = 0;
			defaultConfigurationName = Release;
		};
		DCF333F92927A5EC000AEB9F /* Build configuration list for PBXNativeTarget "unity-iosUITests" */ = {
			isa = XCConfigurationList;
			buildConfigurations = (
				DCF333FA2927A5EC000AEB9F /* Debug */,
				DCF333FB2927A5EC000AEB9F /* Release */,
			);
			defaultConfigurationIsVisible = 0;
			defaultConfigurationName = Release;
		};
/* End XCConfigurationList section */
	};
	rootObject = DCF333C12927A5EB000AEB9F /* Project object */;
}
