PODS:
  - Alamofire (5.6.2)
  - SCSDKCameraKit (1.19.2)
  - SCSDKCameraKitReferenceSwiftUI (1.19.2):
    - SCSDKCameraKitReferenceUI (~> 1.19.2)
  - SCSDKCameraKitReferenceUI (1.19.2):
    - SCSDKCameraKit (~> 1.19.2)

DEPENDENCIES:
  - Alamofire (~> 5.4)
  - SCSDKCameraKit (= 1.19.2)
  - SCSDKCameraKitReferenceSwiftUI (= 1.19.2)
  - SCSDKCameraKitReferenceUI (= 1.19.2)

SPEC REPOS:
  trunk:
    - Alamofire
    - SCSDKCameraKit
    - SCSDKCameraKitReferenceSwiftUI
    - SCSDKCameraKitReferenceUI

SPEC CHECKSUMS:
  Alamofire: d368e1ff8a298e6dde360e35a3e68e6c610e7204
  SCSDKCameraKit: a1b5681522e2b9cd84924fc8197d5506ecd8c62e
  SCSDKCameraKitReferenceSwiftUI: 553af9c8d907b91f013ac7e29fb5a34dc918218c
  SCSDKCameraKitReferenceUI: b88fa99d8321b855d6cd9ded5e9cb38764a230b5

PODFILE CHECKSUM: e8e8b85e5bfb42d109e22c42f830968fc9984f9c

COCOAPODS: 1.11.3
