PODS:
  - Alamofire (5.6.2)
  - SCSDKCameraKit (1.21.1)
  - SCSDKCameraKitReferenceSwiftUI (1.21.1):
    - SCSDKCameraKitReferenceUI (~> 1.21.1)
  - SCSDKCameraKitReferenceUI (1.21.1):
    - SCSDKCameraKit (~> 1.21.1)

DEPENDENCIES:
  - Alamofire (~> 5.4)
  - SCSDKCameraKit (= 1.21.1)
  - SCSDKCameraKitReferenceSwiftUI (= 1.21.1)
  - SCSDKCameraKitReferenceUI (= 1.21.1)

SPEC REPOS:
  trunk:
    - Alamofire
    - SCSDKCameraKit
    - SCSDKCameraKitReferenceSwiftUI
    - SCSDKCameraKitReferenceUI

SPEC CHECKSUMS:
  Alamofire: d368e1ff8a298e6dde360e35a3e68e6c610e7204
  SCSDKCameraKit: f127d227604b947555779cd0557be9157ba47f5d
  SCSDKCameraKitReferenceSwiftUI: c83546e30874ce903b34c5d580b8b57d4deadf9b
  SCSDKCameraKitReferenceUI: f9ea379be3cf784e05c7d341fd766f012f245168

PODFILE CHECKSUM: 442aa5310af39a17c937f0dcc0b1049849cb8e5b

COCOAPODS: 1.11.3
