// !$*UTF8*$!
{
	archiveVersion = 1;
	classes = {
	};
	objectVersion = 55;
	objects = {

/* Begin PBXBuildFile section */
		3D9C18B2820C860BA7FDC75A /* Pods_UnitySwift_UnitySwiftUITests.framework in Frameworks */ = {isa = PBXBuildFile; fileRef = 106A6F2AA238CB12077F6BBD /* Pods_UnitySwift_UnitySwiftUITests.framework */; };
		495B9FC7272D650700370A17 /* AppDelegate.swift in Sources */ = {isa = PBXBuildFile; fileRef = 495B9FC6272D650700370A17 /* AppDelegate.swift */; };
		495B9FCB272D650700370A17 /* ViewController.swift in Sources */ = {isa = PBXBuildFile; fileRef = 495B9FCA272D650700370A17 /* ViewController.swift */; };
		495B9FCE272D650700370A17 /* Main.storyboard in Resources */ = {isa = PBXBuildFile; fileRef = 495B9FCC272D650700370A17 /* Main.storyboard */; };
		495B9FD0272D650800370A17 /* Assets.xcassets in Resources */ = {isa = PBXBuildFile; fileRef = 495B9FCF272D650800370A17 /* Assets.xcassets */; };
		495B9FD3272D650800370A17 /* LaunchScreen.storyboard in Resources */ = {isa = PBXBuildFile; fileRef = 495B9FD1272D650800370A17 /* LaunchScreen.storyboard */; };
		495B9FDE272D650800370A17 /* UnitySwiftTests.swift in Sources */ = {isa = PBXBuildFile; fileRef = 495B9FDD272D650800370A17 /* UnitySwiftTests.swift */; };
		495B9FE8272D650800370A17 /* UnitySwiftUITests.swift in Sources */ = {isa = PBXBuildFile; fileRef = 495B9FE7272D650800370A17 /* UnitySwiftUITests.swift */; };
		495B9FEA272D650800370A17 /* UnitySwiftUITestsLaunchTests.swift in Sources */ = {isa = PBXBuildFile; fileRef = 495B9FE9272D650800370A17 /* UnitySwiftUITestsLaunchTests.swift */; };
		49C04C4E276B040900B5E378 /* UnitySampleUtils.swift in Sources */ = {isa = PBXBuildFile; fileRef = 49C04C4D276B040900B5E378 /* UnitySampleUtils.swift */; };
		49C04C50276B043300B5E378 /* Constants.swift in Sources */ = {isa = PBXBuildFile; fileRef = 49C04C4F276B043300B5E378 /* Constants.swift */; };
		49C04C54276B048A00B5E378 /* UnityUIView.swift in Sources */ = {isa = PBXBuildFile; fileRef = 49C04C53276B048A00B5E378 /* UnityUIView.swift */; };
		5567110A40A1BDE238D0CF5F /* Pods_UnitySwiftTests.framework in Frameworks */ = {isa = PBXBuildFile; fileRef = 94EFCEF7C85F42ED0040464F /* Pods_UnitySwiftTests.framework */; };
		6002C9C2F25AFCD1DC6EF012 /* Pods_UnitySwift.framework in Frameworks */ = {isa = PBXBuildFile; fileRef = F33897405AD1A49C2539B4E7 /* Pods_UnitySwift.framework */; };
		DC35C66D2928FFA0005608B1 /* UnityFramework.framework in Embed Frameworks */ = {isa = PBXBuildFile; fileRef = 49C04C3F276AFBD900B5E378 /* UnityFramework.framework */; settings = {ATTRIBUTES = (CodeSignOnCopy, RemoveHeadersOnCopy, ); }; };
		DCF092702992BB7800D06E54 /* UnityRemoteApi.swift in Sources */ = {isa = PBXBuildFile; fileRef = DCF0926F2992BB7800D06E54 /* UnityRemoteApi.swift */; };
/* End PBXBuildFile section */

/* Begin PBXContainerItemProxy section */
		495B9FDA272D650800370A17 /* PBXContainerItemProxy */ = {
			isa = PBXContainerItemProxy;
			containerPortal = 495B9FBB272D650700370A17 /* Project object */;
			proxyType = 1;
			remoteGlobalIDString = 495B9FC2272D650700370A17;
			remoteInfo = UnitySwift;
		};
		495B9FE4272D650800370A17 /* PBXContainerItemProxy */ = {
			isa = PBXContainerItemProxy;
			containerPortal = 495B9FBB272D650700370A17 /* Project object */;
			proxyType = 1;
			remoteGlobalIDString = 495B9FC2272D650700370A17;
			remoteInfo = UnitySwift;
		};
/* End PBXContainerItemProxy section */

/* Begin PBXCopyFilesBuildPhase section */
		DC35C66E2928FFA0005608B1 /* Embed Frameworks */ = {
			isa = PBXCopyFilesBuildPhase;
			buildActionMask = 2147483647;
			dstPath = "";
			dstSubfolderSpec = 10;
			files = (
				DC35C66D2928FFA0005608B1 /* UnityFramework.framework in Embed Frameworks */,
			);
			name = "Embed Frameworks";
			runOnlyForDeploymentPostprocessing = 0;
		};
/* End PBXCopyFilesBuildPhase section */

/* Begin PBXFileReference section */
		106A6F2AA238CB12077F6BBD /* Pods_UnitySwift_UnitySwiftUITests.framework */ = {isa = PBXFileReference; explicitFileType = wrapper.framework; includeInIndex = 0; path = Pods_UnitySwift_UnitySwiftUITests.framework; sourceTree = BUILT_PRODUCTS_DIR; };
		30D0C916B0D16C4759F1994D /* Pods-UnitySwift.release.xcconfig */ = {isa = PBXFileReference; includeInIndex = 1; lastKnownFileType = text.xcconfig; name = "Pods-UnitySwift.release.xcconfig"; path = "Target Support Files/Pods-UnitySwift/Pods-UnitySwift.release.xcconfig"; sourceTree = "<group>"; };
		343BDF603516B46CD4D8ED2A /* Pods-UnitySwift-UnitySwiftUITests.debug.xcconfig */ = {isa = PBXFileReference; includeInIndex = 1; lastKnownFileType = text.xcconfig; name = "Pods-UnitySwift-UnitySwiftUITests.debug.xcconfig"; path = "Target Support Files/Pods-UnitySwift-UnitySwiftUITests/Pods-UnitySwift-UnitySwiftUITests.debug.xcconfig"; sourceTree = "<group>"; };
		495B9FC3272D650700370A17 /* UnitySwift.app */ = {isa = PBXFileReference; explicitFileType = wrapper.application; includeInIndex = 0; path = UnitySwift.app; sourceTree = BUILT_PRODUCTS_DIR; };
		495B9FC6272D650700370A17 /* AppDelegate.swift */ = {isa = PBXFileReference; lastKnownFileType = sourcecode.swift; path = AppDelegate.swift; sourceTree = "<group>"; };
		495B9FCA272D650700370A17 /* ViewController.swift */ = {isa = PBXFileReference; lastKnownFileType = sourcecode.swift; path = ViewController.swift; sourceTree = "<group>"; };
		495B9FCD272D650700370A17 /* Base */ = {isa = PBXFileReference; lastKnownFileType = file.storyboard; name = Base; path = Base.lproj/Main.storyboard; sourceTree = "<group>"; };
		495B9FCF272D650800370A17 /* Assets.xcassets */ = {isa = PBXFileReference; lastKnownFileType = folder.assetcatalog; path = Assets.xcassets; sourceTree = "<group>"; };
		495B9FD2272D650800370A17 /* Base */ = {isa = PBXFileReference; lastKnownFileType = file.storyboard; name = Base; path = Base.lproj/LaunchScreen.storyboard; sourceTree = "<group>"; };
		495B9FD4272D650800370A17 /* Info.plist */ = {isa = PBXFileReference; lastKnownFileType = text.plist.xml; path = Info.plist; sourceTree = "<group>"; };
		495B9FD9272D650800370A17 /* UnitySwiftTests.xctest */ = {isa = PBXFileReference; explicitFileType = wrapper.cfbundle; includeInIndex = 0; path = UnitySwiftTests.xctest; sourceTree = BUILT_PRODUCTS_DIR; };
		495B9FDD272D650800370A17 /* UnitySwiftTests.swift */ = {isa = PBXFileReference; lastKnownFileType = sourcecode.swift; path = UnitySwiftTests.swift; sourceTree = "<group>"; };
		495B9FE3272D650800370A17 /* UnitySwiftUITests.xctest */ = {isa = PBXFileReference; explicitFileType = wrapper.cfbundle; includeInIndex = 0; path = UnitySwiftUITests.xctest; sourceTree = BUILT_PRODUCTS_DIR; };
		495B9FE7272D650800370A17 /* UnitySwiftUITests.swift */ = {isa = PBXFileReference; lastKnownFileType = sourcecode.swift; path = UnitySwiftUITests.swift; sourceTree = "<group>"; };
		495B9FE9272D650800370A17 /* UnitySwiftUITestsLaunchTests.swift */ = {isa = PBXFileReference; lastKnownFileType = sourcecode.swift; path = UnitySwiftUITestsLaunchTests.swift; sourceTree = "<group>"; };
		49C04C3F276AFBD900B5E378 /* UnityFramework.framework */ = {isa = PBXFileReference; explicitFileType = wrapper.framework; path = UnityFramework.framework; sourceTree = BUILT_PRODUCTS_DIR; };
		49C04C44276AFCEC00B5E378 /* UnityFramework.framework */ = {isa = PBXFileReference; explicitFileType = wrapper.framework; path = UnityFramework.framework; sourceTree = BUILT_PRODUCTS_DIR; };
		49C04C48276B02CE00B5E378 /* UnityFramework.framework */ = {isa = PBXFileReference; explicitFileType = wrapper.framework; path = UnityFramework.framework; sourceTree = BUILT_PRODUCTS_DIR; };
		49C04C4D276B040900B5E378 /* UnitySampleUtils.swift */ = {isa = PBXFileReference; lastKnownFileType = sourcecode.swift; path = UnitySampleUtils.swift; sourceTree = "<group>"; };
		49C04C4F276B043300B5E378 /* Constants.swift */ = {isa = PBXFileReference; lastKnownFileType = sourcecode.swift; path = Constants.swift; sourceTree = "<group>"; };
		49C04C53276B048A00B5E378 /* UnityUIView.swift */ = {isa = PBXFileReference; lastKnownFileType = sourcecode.swift; path = UnityUIView.swift; sourceTree = "<group>"; };
		49C04C55276B075B00B5E378 /* UnitySwift-Bridging-Header.h */ = {isa = PBXFileReference; lastKnownFileType = sourcecode.c.h; path = "UnitySwift-Bridging-Header.h"; sourceTree = "<group>"; };
		4ECFFB4F1E1E279C2CEDA421 /* Pods-UnitySwiftTests.debug.xcconfig */ = {isa = PBXFileReference; includeInIndex = 1; lastKnownFileType = text.xcconfig; name = "Pods-UnitySwiftTests.debug.xcconfig"; path = "Target Support Files/Pods-UnitySwiftTests/Pods-UnitySwiftTests.debug.xcconfig"; sourceTree = "<group>"; };
		5E9C09C218DC73DC58E6FEFF /* Pods-UnitySwift-UnitySwiftUITests.release.xcconfig */ = {isa = PBXFileReference; includeInIndex = 1; lastKnownFileType = text.xcconfig; name = "Pods-UnitySwift-UnitySwiftUITests.release.xcconfig"; path = "Target Support Files/Pods-UnitySwift-UnitySwiftUITests/Pods-UnitySwift-UnitySwiftUITests.release.xcconfig"; sourceTree = "<group>"; };
		924F5B230A6FDA11A25E360F /* Pods-UnitySwift.debug.xcconfig */ = {isa = PBXFileReference; includeInIndex = 1; lastKnownFileType = text.xcconfig; name = "Pods-UnitySwift.debug.xcconfig"; path = "Target Support Files/Pods-UnitySwift/Pods-UnitySwift.debug.xcconfig"; sourceTree = "<group>"; };
		94EFCEF7C85F42ED0040464F /* Pods_UnitySwiftTests.framework */ = {isa = PBXFileReference; explicitFileType = wrapper.framework; includeInIndex = 0; path = Pods_UnitySwiftTests.framework; sourceTree = BUILT_PRODUCTS_DIR; };
		A8DC0E1F61B5FD22A6682391 /* Pods-UnitySwiftTests.release.xcconfig */ = {isa = PBXFileReference; includeInIndex = 1; lastKnownFileType = text.xcconfig; name = "Pods-UnitySwiftTests.release.xcconfig"; path = "Target Support Files/Pods-UnitySwiftTests/Pods-UnitySwiftTests.release.xcconfig"; sourceTree = "<group>"; };
		DCF0926F2992BB7800D06E54 /* UnityRemoteApi.swift */ = {isa = PBXFileReference; lastKnownFileType = sourcecode.swift; path = UnityRemoteApi.swift; sourceTree = "<group>"; };
		F33897405AD1A49C2539B4E7 /* Pods_UnitySwift.framework */ = {isa = PBXFileReference; explicitFileType = wrapper.framework; includeInIndex = 0; path = Pods_UnitySwift.framework; sourceTree = BUILT_PRODUCTS_DIR; };
/* End PBXFileReference section */

/* Begin PBXFrameworksBuildPhase section */
		495B9FC0272D650700370A17 /* Frameworks */ = {
			isa = PBXFrameworksBuildPhase;
			buildActionMask = 2147483647;
			files = (
				6002C9C2F25AFCD1DC6EF012 /* Pods_UnitySwift.framework in Frameworks */,
			);
			runOnlyForDeploymentPostprocessing = 0;
		};
		495B9FD6272D650800370A17 /* Frameworks */ = {
			isa = PBXFrameworksBuildPhase;
			buildActionMask = 2147483647;
			files = (
				5567110A40A1BDE238D0CF5F /* Pods_UnitySwiftTests.framework in Frameworks */,
			);
			runOnlyForDeploymentPostprocessing = 0;
		};
		495B9FE0272D650800370A17 /* Frameworks */ = {
			isa = PBXFrameworksBuildPhase;
			buildActionMask = 2147483647;
			files = (
				3D9C18B2820C860BA7FDC75A /* Pods_UnitySwift_UnitySwiftUITests.framework in Frameworks */,
			);
			runOnlyForDeploymentPostprocessing = 0;
		};
/* End PBXFrameworksBuildPhase section */

/* Begin PBXGroup section */
		495B9FBA272D650700370A17 = {
			isa = PBXGroup;
			children = (
				495B9FC5272D650700370A17 /* UnitySwift */,
				495B9FDC272D650800370A17 /* UnitySwiftTests */,
				495B9FE6272D650800370A17 /* UnitySwiftUITests */,
				495B9FC4272D650700370A17 /* Products */,
				508B453C46AF4E243D43D29E /* Pods */,
				FD770EEBD619EBC961C8DA6D /* Frameworks */,
			);
			sourceTree = "<group>";
		};
		495B9FC4272D650700370A17 /* Products */ = {
			isa = PBXGroup;
			children = (
				495B9FC3272D650700370A17 /* UnitySwift.app */,
				495B9FD9272D650800370A17 /* UnitySwiftTests.xctest */,
				495B9FE3272D650800370A17 /* UnitySwiftUITests.xctest */,
			);
			name = Products;
			sourceTree = "<group>";
		};
		495B9FC5272D650700370A17 /* UnitySwift */ = {
			isa = PBXGroup;
			children = (
				495B9FC6272D650700370A17 /* AppDelegate.swift */,
				495B9FCA272D650700370A17 /* ViewController.swift */,
				495B9FCC272D650700370A17 /* Main.storyboard */,
				495B9FCF272D650800370A17 /* Assets.xcassets */,
				495B9FD1272D650800370A17 /* LaunchScreen.storyboard */,
				495B9FD4272D650800370A17 /* Info.plist */,
				49C04C4D276B040900B5E378 /* UnitySampleUtils.swift */,
				49C04C4F276B043300B5E378 /* Constants.swift */,
				49C04C53276B048A00B5E378 /* UnityUIView.swift */,
				49C04C55276B075B00B5E378 /* UnitySwift-Bridging-Header.h */,
				DCF0926F2992BB7800D06E54 /* UnityRemoteApi.swift */,
			);
			path = UnitySwift;
			sourceTree = "<group>";
		};
		495B9FDC272D650800370A17 /* UnitySwiftTests */ = {
			isa = PBXGroup;
			children = (
				495B9FDD272D650800370A17 /* UnitySwiftTests.swift */,
			);
			path = UnitySwiftTests;
			sourceTree = "<group>";
		};
		495B9FE6272D650800370A17 /* UnitySwiftUITests */ = {
			isa = PBXGroup;
			children = (
				495B9FE7272D650800370A17 /* UnitySwiftUITests.swift */,
				495B9FE9272D650800370A17 /* UnitySwiftUITestsLaunchTests.swift */,
			);
			path = UnitySwiftUITests;
			sourceTree = "<group>";
		};
		508B453C46AF4E243D43D29E /* Pods */ = {
			isa = PBXGroup;
			children = (
				924F5B230A6FDA11A25E360F /* Pods-UnitySwift.debug.xcconfig */,
				30D0C916B0D16C4759F1994D /* Pods-UnitySwift.release.xcconfig */,
				343BDF603516B46CD4D8ED2A /* Pods-UnitySwift-UnitySwiftUITests.debug.xcconfig */,
				5E9C09C218DC73DC58E6FEFF /* Pods-UnitySwift-UnitySwiftUITests.release.xcconfig */,
				4ECFFB4F1E1E279C2CEDA421 /* Pods-UnitySwiftTests.debug.xcconfig */,
				A8DC0E1F61B5FD22A6682391 /* Pods-UnitySwiftTests.release.xcconfig */,
			);
			path = Pods;
			sourceTree = "<group>";
		};
		FD770EEBD619EBC961C8DA6D /* Frameworks */ = {
			isa = PBXGroup;
			children = (
				49C04C48276B02CE00B5E378 /* UnityFramework.framework */,
				49C04C44276AFCEC00B5E378 /* UnityFramework.framework */,
				49C04C3F276AFBD900B5E378 /* UnityFramework.framework */,
				F33897405AD1A49C2539B4E7 /* Pods_UnitySwift.framework */,
				106A6F2AA238CB12077F6BBD /* Pods_UnitySwift_UnitySwiftUITests.framework */,
				94EFCEF7C85F42ED0040464F /* Pods_UnitySwiftTests.framework */,
			);
			name = Frameworks;
			sourceTree = "<group>";
		};
/* End PBXGroup section */

/* Begin PBXNativeTarget section */
		495B9FC2272D650700370A17 /* UnitySwift */ = {
			isa = PBXNativeTarget;
			buildConfigurationList = 495B9FED272D650800370A17 /* Build configuration list for PBXNativeTarget "UnitySwift" */;
			buildPhases = (
				CDFA7BDA8B011BCB14F5C7C4 /* [CP] Check Pods Manifest.lock */,
				495B9FBF272D650700370A17 /* Sources */,
				495B9FC0272D650700370A17 /* Frameworks */,
				495B9FC1272D650700370A17 /* Resources */,
				DC35C66E2928FFA0005608B1 /* Embed Frameworks */,
				DD33D29C1268197EA889A2CE /* [CP] Embed Pods Frameworks */,
			);
			buildRules = (
			);
			dependencies = (
			);
			name = UnitySwift;
			productName = UnitySwift;
			productReference = 495B9FC3272D650700370A17 /* UnitySwift.app */;
			productType = "com.apple.product-type.application";
		};
		495B9FD8272D650800370A17 /* UnitySwiftTests */ = {
			isa = PBXNativeTarget;
			buildConfigurationList = 495B9FF0272D650800370A17 /* Build configuration list for PBXNativeTarget "UnitySwiftTests" */;
			buildPhases = (
				657A7E82391722C6BE2E9794 /* [CP] Check Pods Manifest.lock */,
				495B9FD5272D650800370A17 /* Sources */,
				495B9FD6272D650800370A17 /* Frameworks */,
				495B9FD7272D650800370A17 /* Resources */,
			);
			buildRules = (
			);
			dependencies = (
				495B9FDB272D650800370A17 /* PBXTargetDependency */,
			);
			name = UnitySwiftTests;
			productName = UnitySwiftTests;
			productReference = 495B9FD9272D650800370A17 /* UnitySwiftTests.xctest */;
			productType = "com.apple.product-type.bundle.unit-test";
		};
		495B9FE2272D650800370A17 /* UnitySwiftUITests */ = {
			isa = PBXNativeTarget;
			buildConfigurationList = 495B9FF3272D650800370A17 /* Build configuration list for PBXNativeTarget "UnitySwiftUITests" */;
			buildPhases = (
				9C981BED29B478471A9DAA93 /* [CP] Check Pods Manifest.lock */,
				495B9FDF272D650800370A17 /* Sources */,
				495B9FE0272D650800370A17 /* Frameworks */,
				495B9FE1272D650800370A17 /* Resources */,
				E902F994D246A892615FF89F /* [CP] Embed Pods Frameworks */,
			);
			buildRules = (
			);
			dependencies = (
				495B9FE5272D650800370A17 /* PBXTargetDependency */,
			);
			name = UnitySwiftUITests;
			productName = UnitySwiftUITests;
			productReference = 495B9FE3272D650800370A17 /* UnitySwiftUITests.xctest */;
			productType = "com.apple.product-type.bundle.ui-testing";
		};
/* End PBXNativeTarget section */

/* Begin PBXProject section */
		495B9FBB272D650700370A17 /* Project object */ = {
			isa = PBXProject;
			attributes = {
				BuildIndependentTargetsInParallel = 1;
				LastSwiftUpdateCheck = 1300;
				LastUpgradeCheck = 1300;
				TargetAttributes = {
					495B9FC2272D650700370A17 = {
						CreatedOnToolsVersion = 13.0;
						LastSwiftMigration = 1300;
					};
					495B9FD8272D650800370A17 = {
						CreatedOnToolsVersion = 13.0;
						TestTargetID = 495B9FC2272D650700370A17;
					};
					495B9FE2272D650800370A17 = {
						CreatedOnToolsVersion = 13.0;
						TestTargetID = 495B9FC2272D650700370A17;
					};
				};
			};
			buildConfigurationList = 495B9FBE272D650700370A17 /* Build configuration list for PBXProject "UnitySwift" */;
			compatibilityVersion = "Xcode 13.0";
			developmentRegion = en;
			hasScannedForEncodings = 0;
			knownRegions = (
				en,
				Base,
			);
			mainGroup = 495B9FBA272D650700370A17;
			productRefGroup = 495B9FC4272D650700370A17 /* Products */;
			projectDirPath = "";
			projectRoot = "";
			targets = (
				495B9FC2272D650700370A17 /* UnitySwift */,
				495B9FD8272D650800370A17 /* UnitySwiftTests */,
				495B9FE2272D650800370A17 /* UnitySwiftUITests */,
			);
		};
/* End PBXProject section */

/* Begin PBXResourcesBuildPhase section */
		495B9FC1272D650700370A17 /* Resources */ = {
			isa = PBXResourcesBuildPhase;
			buildActionMask = 2147483647;
			files = (
				495B9FD3272D650800370A17 /* LaunchScreen.storyboard in Resources */,
				495B9FD0272D650800370A17 /* Assets.xcassets in Resources */,
				495B9FCE272D650700370A17 /* Main.storyboard in Resources */,
			);
			runOnlyForDeploymentPostprocessing = 0;
		};
		495B9FD7272D650800370A17 /* Resources */ = {
			isa = PBXResourcesBuildPhase;
			buildActionMask = 2147483647;
			files = (
			);
			runOnlyForDeploymentPostprocessing = 0;
		};
		495B9FE1272D650800370A17 /* Resources */ = {
			isa = PBXResourcesBuildPhase;
			buildActionMask = 2147483647;
			files = (
			);
			runOnlyForDeploymentPostprocessing = 0;
		};
/* End PBXResourcesBuildPhase section */

/* Begin PBXShellScriptBuildPhase section */
		657A7E82391722C6BE2E9794 /* [CP] Check Pods Manifest.lock */ = {
			isa = PBXShellScriptBuildPhase;
			buildActionMask = 2147483647;
			files = (
			);
			inputFileListPaths = (
			);
			inputPaths = (
				"${PODS_PODFILE_DIR_PATH}/Podfile.lock",
				"${PODS_ROOT}/Manifest.lock",
			);
			name = "[CP] Check Pods Manifest.lock";
			outputFileListPaths = (
			);
			outputPaths = (
				"$(DERIVED_FILE_DIR)/Pods-UnitySwiftTests-checkManifestLockResult.txt",
			);
			runOnlyForDeploymentPostprocessing = 0;
			shellPath = /bin/sh;
			shellScript = "diff \"${PODS_PODFILE_DIR_PATH}/Podfile.lock\" \"${PODS_ROOT}/Manifest.lock\" > /dev/null\nif [ $? != 0 ] ; then\n    # print error to STDERR\n    echo \"error: The sandbox is not in sync with the Podfile.lock. Run 'pod install' or update your CocoaPods installation.\" >&2\n    exit 1\nfi\n# This output is used by Xcode 'outputs' to avoid re-running this script phase.\necho \"SUCCESS\" > \"${SCRIPT_OUTPUT_FILE_0}\"\n";
			showEnvVarsInLog = 0;
		};
		9C981BED29B478471A9DAA93 /* [CP] Check Pods Manifest.lock */ = {
			isa = PBXShellScriptBuildPhase;
			buildActionMask = 2147483647;
			files = (
			);
			inputFileListPaths = (
			);
			inputPaths = (
				"${PODS_PODFILE_DIR_PATH}/Podfile.lock",
				"${PODS_ROOT}/Manifest.lock",
			);
			name = "[CP] Check Pods Manifest.lock";
			outputFileListPaths = (
			);
			outputPaths = (
				"$(DERIVED_FILE_DIR)/Pods-UnitySwift-UnitySwiftUITests-checkManifestLockResult.txt",
			);
			runOnlyForDeploymentPostprocessing = 0;
			shellPath = /bin/sh;
			shellScript = "diff \"${PODS_PODFILE_DIR_PATH}/Podfile.lock\" \"${PODS_ROOT}/Manifest.lock\" > /dev/null\nif [ $? != 0 ] ; then\n    # print error to STDERR\n    echo \"error: The sandbox is not in sync with the Podfile.lock. Run 'pod install' or update your CocoaPods installation.\" >&2\n    exit 1\nfi\n# This output is used by Xcode 'outputs' to avoid re-running this script phase.\necho \"SUCCESS\" > \"${SCRIPT_OUTPUT_FILE_0}\"\n";
			showEnvVarsInLog = 0;
		};
		CDFA7BDA8B011BCB14F5C7C4 /* [CP] Check Pods Manifest.lock */ = {
			isa = PBXShellScriptBuildPhase;
			buildActionMask = 2147483647;
			files = (
			);
			inputFileListPaths = (
			);
			inputPaths = (
				"${PODS_PODFILE_DIR_PATH}/Podfile.lock",
				"${PODS_ROOT}/Manifest.lock",
			);
			name = "[CP] Check Pods Manifest.lock";
			outputFileListPaths = (
			);
			outputPaths = (
				"$(DERIVED_FILE_DIR)/Pods-UnitySwift-checkManifestLockResult.txt",
			);
			runOnlyForDeploymentPostprocessing = 0;
			shellPath = /bin/sh;
			shellScript = "diff \"${PODS_PODFILE_DIR_PATH}/Podfile.lock\" \"${PODS_ROOT}/Manifest.lock\" > /dev/null\nif [ $? != 0 ] ; then\n    # print error to STDERR\n    echo \"error: The sandbox is not in sync with the Podfile.lock. Run 'pod install' or update your CocoaPods installation.\" >&2\n    exit 1\nfi\n# This output is used by Xcode 'outputs' to avoid re-running this script phase.\necho \"SUCCESS\" > \"${SCRIPT_OUTPUT_FILE_0}\"\n";
			showEnvVarsInLog = 0;
		};
		DD33D29C1268197EA889A2CE /* [CP] Embed Pods Frameworks */ = {
			isa = PBXShellScriptBuildPhase;
			buildActionMask = 2147483647;
			files = (
			);
			inputFileListPaths = (
				"${PODS_ROOT}/Target Support Files/Pods-UnitySwift/Pods-UnitySwift-frameworks-${CONFIGURATION}-input-files.xcfilelist",
			);
			name = "[CP] Embed Pods Frameworks";
			outputFileListPaths = (
				"${PODS_ROOT}/Target Support Files/Pods-UnitySwift/Pods-UnitySwift-frameworks-${CONFIGURATION}-output-files.xcfilelist",
			);
			runOnlyForDeploymentPostprocessing = 0;
			shellPath = /bin/sh;
			shellScript = "\"${PODS_ROOT}/Target Support Files/Pods-UnitySwift/Pods-UnitySwift-frameworks.sh\"\n";
			showEnvVarsInLog = 0;
		};
		E902F994D246A892615FF89F /* [CP] Embed Pods Frameworks */ = {
			isa = PBXShellScriptBuildPhase;
			buildActionMask = 2147483647;
			files = (
			);
			inputFileListPaths = (
				"${PODS_ROOT}/Target Support Files/Pods-UnitySwift-UnitySwiftUITests/Pods-UnitySwift-UnitySwiftUITests-frameworks-${CONFIGURATION}-input-files.xcfilelist",
			);
			name = "[CP] Embed Pods Frameworks";
			outputFileListPaths = (
				"${PODS_ROOT}/Target Support Files/Pods-UnitySwift-UnitySwiftUITests/Pods-UnitySwift-UnitySwiftUITests-frameworks-${CONFIGURATION}-output-files.xcfilelist",
			);
			runOnlyForDeploymentPostprocessing = 0;
			shellPath = /bin/sh;
			shellScript = "\"${PODS_ROOT}/Target Support Files/Pods-UnitySwift-UnitySwiftUITests/Pods-UnitySwift-UnitySwiftUITests-frameworks.sh\"\n";
			showEnvVarsInLog = 0;
		};
/* End PBXShellScriptBuildPhase section */

/* Begin PBXSourcesBuildPhase section */
		495B9FBF272D650700370A17 /* Sources */ = {
			isa = PBXSourcesBuildPhase;
			buildActionMask = 2147483647;
			files = (
				495B9FCB272D650700370A17 /* ViewController.swift in Sources */,
				49C04C50276B043300B5E378 /* Constants.swift in Sources */,
				49C04C4E276B040900B5E378 /* UnitySampleUtils.swift in Sources */,
				495B9FC7272D650700370A17 /* AppDelegate.swift in Sources */,
				DCF092702992BB7800D06E54 /* UnityRemoteApi.swift in Sources */,
				49C04C54276B048A00B5E378 /* UnityUIView.swift in Sources */,
			);
			runOnlyForDeploymentPostprocessing = 0;
		};
		495B9FD5272D650800370A17 /* Sources */ = {
			isa = PBXSourcesBuildPhase;
			buildActionMask = 2147483647;
			files = (
				495B9FDE272D650800370A17 /* UnitySwiftTests.swift in Sources */,
			);
			runOnlyForDeploymentPostprocessing = 0;
		};
		495B9FDF272D650800370A17 /* Sources */ = {
			isa = PBXSourcesBuildPhase;
			buildActionMask = 2147483647;
			files = (
				495B9FEA272D650800370A17 /* UnitySwiftUITestsLaunchTests.swift in Sources */,
				495B9FE8272D650800370A17 /* UnitySwiftUITests.swift in Sources */,
			);
			runOnlyForDeploymentPostprocessing = 0;
		};
/* End PBXSourcesBuildPhase section */

/* Begin PBXTargetDependency section */
		495B9FDB272D650800370A17 /* PBXTargetDependency */ = {
			isa = PBXTargetDependency;
			target = 495B9FC2272D650700370A17 /* UnitySwift */;
			targetProxy = 495B9FDA272D650800370A17 /* PBXContainerItemProxy */;
		};
		495B9FE5272D650800370A17 /* PBXTargetDependency */ = {
			isa = PBXTargetDependency;
			target = 495B9FC2272D650700370A17 /* UnitySwift */;
			targetProxy = 495B9FE4272D650800370A17 /* PBXContainerItemProxy */;
		};
/* End PBXTargetDependency section */

/* Begin PBXVariantGroup section */
		495B9FCC272D650700370A17 /* Main.storyboard */ = {
			isa = PBXVariantGroup;
			children = (
				495B9FCD272D650700370A17 /* Base */,
			);
			name = Main.storyboard;
			sourceTree = "<group>";
		};
		495B9FD1272D650800370A17 /* LaunchScreen.storyboard */ = {
			isa = PBXVariantGroup;
			children = (
				495B9FD2272D650800370A17 /* Base */,
			);
			name = LaunchScreen.storyboard;
			sourceTree = "<group>";
		};
/* End PBXVariantGroup section */

/* Begin XCBuildConfiguration section */
		495B9FEB272D650800370A17 /* Debug */ = {
			isa = XCBuildConfiguration;
			buildSettings = {
				ALWAYS_SEARCH_USER_PATHS = NO;
				CLANG_ANALYZER_NONNULL = YES;
				CLANG_ANALYZER_NUMBER_OBJECT_CONVERSION = YES_AGGRESSIVE;
				CLANG_CXX_LANGUAGE_STANDARD = "gnu++17";
				CLANG_CXX_LIBRARY = "libc++";
				CLANG_ENABLE_MODULES = YES;
				CLANG_ENABLE_OBJC_ARC = YES;
				CLANG_ENABLE_OBJC_WEAK = YES;
				CLANG_WARN_BLOCK_CAPTURE_AUTORELEASING = YES;
				CLANG_WARN_BOOL_CONVERSION = YES;
				CLANG_WARN_COMMA = YES;
				CLANG_WARN_CONSTANT_CONVERSION = YES;
				CLANG_WARN_DEPRECATED_OBJC_IMPLEMENTATIONS = YES;
				CLANG_WARN_DIRECT_OBJC_ISA_USAGE = YES_ERROR;
				CLANG_WARN_DOCUMENTATION_COMMENTS = YES;
				CLANG_WARN_EMPTY_BODY = YES;
				CLANG_WARN_ENUM_CONVERSION = YES;
				CLANG_WARN_INFINITE_RECURSION = YES;
				CLANG_WARN_INT_CONVERSION = YES;
				CLANG_WARN_NON_LITERAL_NULL_CONVERSION = YES;
				CLANG_WARN_OBJC_IMPLICIT_RETAIN_SELF = YES;
				CLANG_WARN_OBJC_LITERAL_CONVERSION = YES;
				CLANG_WARN_OBJC_ROOT_CLASS = YES_ERROR;
				CLANG_WARN_QUOTED_INCLUDE_IN_FRAMEWORK_HEADER = YES;
				CLANG_WARN_RANGE_LOOP_ANALYSIS = YES;
				CLANG_WARN_STRICT_PROTOTYPES = YES;
				CLANG_WARN_SUSPICIOUS_MOVE = YES;
				CLANG_WARN_UNGUARDED_AVAILABILITY = YES_AGGRESSIVE;
				CLANG_WARN_UNREACHABLE_CODE = YES;
				CLANG_WARN__DUPLICATE_METHOD_MATCH = YES;
				COPY_PHASE_STRIP = NO;
				DEBUG_INFORMATION_FORMAT = dwarf;
				ENABLE_STRICT_OBJC_MSGSEND = YES;
				ENABLE_TESTABILITY = YES;
				GCC_C_LANGUAGE_STANDARD = gnu11;
				GCC_DYNAMIC_NO_PIC = NO;
				GCC_NO_COMMON_BLOCKS = YES;
				GCC_OPTIMIZATION_LEVEL = 0;
				GCC_PREPROCESSOR_DEFINITIONS = (
					"DEBUG=1",
					"$(inherited)",
				);
				GCC_WARN_64_TO_32_BIT_CONVERSION = YES;
				GCC_WARN_ABOUT_RETURN_TYPE = YES_ERROR;
				GCC_WARN_UNDECLARED_SELECTOR = YES;
				GCC_WARN_UNINITIALIZED_AUTOS = YES_AGGRESSIVE;
				GCC_WARN_UNUSED_FUNCTION = YES;
				GCC_WARN_UNUSED_VARIABLE = YES;
				IPHONEOS_DEPLOYMENT_TARGET = 15.0;
				MTL_ENABLE_DEBUG_INFO = INCLUDE_SOURCE;
				MTL_FAST_MATH = YES;
				ONLY_ACTIVE_ARCH = YES;
				SDKROOT = iphoneos;
				SWIFT_ACTIVE_COMPILATION_CONDITIONS = DEBUG;
				SWIFT_OPTIMIZATION_LEVEL = "-Onone";
			};
			name = Debug;
		};
		495B9FEC272D650800370A17 /* Release */ = {
			isa = XCBuildConfiguration;
			buildSettings = {
				ALWAYS_SEARCH_USER_PATHS = NO;
				CLANG_ANALYZER_NONNULL = YES;
				CLANG_ANALYZER_NUMBER_OBJECT_CONVERSION = YES_AGGRESSIVE;
				CLANG_CXX_LANGUAGE_STANDARD = "gnu++17";
				CLANG_CXX_LIBRARY = "libc++";
				CLANG_ENABLE_MODULES = YES;
				CLANG_ENABLE_OBJC_ARC = YES;
				CLANG_ENABLE_OBJC_WEAK = YES;
				CLANG_WARN_BLOCK_CAPTURE_AUTORELEASING = YES;
				CLANG_WARN_BOOL_CONVERSION = YES;
				CLANG_WARN_COMMA = YES;
				CLANG_WARN_CONSTANT_CONVERSION = YES;
				CLANG_WARN_DEPRECATED_OBJC_IMPLEMENTATIONS = YES;
				CLANG_WARN_DIRECT_OBJC_ISA_USAGE = YES_ERROR;
				CLANG_WARN_DOCUMENTATION_COMMENTS = YES;
				CLANG_WARN_EMPTY_BODY = YES;
				CLANG_WARN_ENUM_CONVERSION = YES;
				CLANG_WARN_INFINITE_RECURSION = YES;
				CLANG_WARN_INT_CONVERSION = YES;
				CLANG_WARN_NON_LITERAL_NULL_CONVERSION = YES;
				CLANG_WARN_OBJC_IMPLICIT_RETAIN_SELF = YES;
				CLANG_WARN_OBJC_LITERAL_CONVERSION = YES;
				CLANG_WARN_OBJC_ROOT_CLASS = YES_ERROR;
				CLANG_WARN_QUOTED_INCLUDE_IN_FRAMEWORK_HEADER = YES;
				CLANG_WARN_RANGE_LOOP_ANALYSIS = YES;
				CLANG_WARN_STRICT_PROTOTYPES = YES;
				CLANG_WARN_SUSPICIOUS_MOVE = YES;
				CLANG_WARN_UNGUARDED_AVAILABILITY = YES_AGGRESSIVE;
				CLANG_WARN_UNREACHABLE_CODE = YES;
				CLANG_WARN__DUPLICATE_METHOD_MATCH = YES;
				COPY_PHASE_STRIP = NO;
				DEBUG_INFORMATION_FORMAT = "dwarf-with-dsym";
				ENABLE_NS_ASSERTIONS = NO;
				ENABLE_STRICT_OBJC_MSGSEND = YES;
				GCC_C_LANGUAGE_STANDARD = gnu11;
				GCC_NO_COMMON_BLOCKS = YES;
				GCC_WARN_64_TO_32_BIT_CONVERSION = YES;
				GCC_WARN_ABOUT_RETURN_TYPE = YES_ERROR;
				GCC_WARN_UNDECLARED_SELECTOR = YES;
				GCC_WARN_UNINITIALIZED_AUTOS = YES_AGGRESSIVE;
				GCC_WARN_UNUSED_FUNCTION = YES;
				GCC_WARN_UNUSED_VARIABLE = YES;
				IPHONEOS_DEPLOYMENT_TARGET = 15.0;
				MTL_ENABLE_DEBUG_INFO = NO;
				MTL_FAST_MATH = YES;
				SDKROOT = iphoneos;
				SWIFT_COMPILATION_MODE = wholemodule;
				SWIFT_OPTIMIZATION_LEVEL = "-O";
				VALIDATE_PRODUCT = YES;
			};
			name = Release;
		};
		495B9FEE272D650800370A17 /* Debug */ = {
			isa = XCBuildConfiguration;
			baseConfigurationReference = 924F5B230A6FDA11A25E360F /* Pods-UnitySwift.debug.xcconfig */;
			buildSettings = {
				ASSETCATALOG_COMPILER_APPICON_NAME = AppIcon;
				ASSETCATALOG_COMPILER_GLOBAL_ACCENT_COLOR_NAME = AccentColor;
				CLANG_ENABLE_MODULES = YES;
				CODE_SIGN_IDENTITY = "Apple Development";
				CODE_SIGN_STYLE = Automatic;
				CURRENT_PROJECT_VERSION = 1;
				DEVELOPMENT_TEAM = 424M5254LK;
				GENERATE_INFOPLIST_FILE = YES;
				INFOPLIST_FILE = UnitySwift/Info.plist;
				INFOPLIST_KEY_UIApplicationSupportsIndirectInputEvents = YES;
				INFOPLIST_KEY_UILaunchStoryboardName = LaunchScreen;
				INFOPLIST_KEY_UIMainStoryboardFile = Main;
				INFOPLIST_KEY_UISupportedInterfaceOrientations = "UIInterfaceOrientationLandscapeLeft UIInterfaceOrientationLandscapeRight";
				INFOPLIST_KEY_UISupportedInterfaceOrientations_iPad = "UIInterfaceOrientationPortrait UIInterfaceOrientationPortraitUpsideDown UIInterfaceOrientationLandscapeLeft UIInterfaceOrientationLandscapeRight";
				INFOPLIST_KEY_UISupportedInterfaceOrientations_iPhone = "UIInterfaceOrientationPortrait UIInterfaceOrientationLandscapeLeft UIInterfaceOrientationLandscapeRight";
				LD_RUNPATH_SEARCH_PATHS = (
					"$(inherited)",
					"@executable_path/Frameworks",
				);
				MARKETING_VERSION = 1.0;
				PRODUCT_BUNDLE_IDENTIFIER = com.snap.camerakitdemos.unity.ioswrapper;
				PRODUCT_NAME = "$(TARGET_NAME)";
				PROVISIONING_PROFILE_SPECIFIER = "";
				SWIFT_EMIT_LOC_STRINGS = YES;
				SWIFT_OBJC_BRIDGING_HEADER = "UnitySwift/UnitySwift-Bridging-Header.h";
				SWIFT_OPTIMIZATION_LEVEL = "-Onone";
				SWIFT_VERSION = 5.0;
				TARGETED_DEVICE_FAMILY = "1,2";
			};
			name = Debug;
		};
		495B9FEF272D650800370A17 /* Release */ = {
			isa = XCBuildConfiguration;
			baseConfigurationReference = 30D0C916B0D16C4759F1994D /* Pods-UnitySwift.release.xcconfig */;
			buildSettings = {
				ASSETCATALOG_COMPILER_APPICON_NAME = AppIcon;
				ASSETCATALOG_COMPILER_GLOBAL_ACCENT_COLOR_NAME = AccentColor;
				CLANG_ENABLE_MODULES = YES;
				CODE_SIGN_IDENTITY = "Apple Development";
				CODE_SIGN_STYLE = Automatic;
				CURRENT_PROJECT_VERSION = 1;
				DEVELOPMENT_TEAM = 424M5254LK;
				GENERATE_INFOPLIST_FILE = YES;
				INFOPLIST_FILE = UnitySwift/Info.plist;
				INFOPLIST_KEY_UIApplicationSupportsIndirectInputEvents = YES;
				INFOPLIST_KEY_UILaunchStoryboardName = LaunchScreen;
				INFOPLIST_KEY_UIMainStoryboardFile = Main;
				INFOPLIST_KEY_UISupportedInterfaceOrientations = "UIInterfaceOrientationLandscapeLeft UIInterfaceOrientationLandscapeRight";
				INFOPLIST_KEY_UISupportedInterfaceOrientations_iPad = "UIInterfaceOrientationPortrait UIInterfaceOrientationPortraitUpsideDown UIInterfaceOrientationLandscapeLeft UIInterfaceOrientationLandscapeRight";
				INFOPLIST_KEY_UISupportedInterfaceOrientations_iPhone = "UIInterfaceOrientationPortrait UIInterfaceOrientationLandscapeLeft UIInterfaceOrientationLandscapeRight";
				LD_RUNPATH_SEARCH_PATHS = (
					"$(inherited)",
					"@executable_path/Frameworks",
				);
				MARKETING_VERSION = 1.0;
				PRODUCT_BUNDLE_IDENTIFIER = com.snap.camerakitdemos.unity.ioswrapper;
				PRODUCT_NAME = "$(TARGET_NAME)";
				PROVISIONING_PROFILE_SPECIFIER = "";
				SWIFT_EMIT_LOC_STRINGS = YES;
				SWIFT_OBJC_BRIDGING_HEADER = "UnitySwift/UnitySwift-Bridging-Header.h";
				SWIFT_VERSION = 5.0;
				TARGETED_DEVICE_FAMILY = "1,2";
			};
			name = Release;
		};
		495B9FF1272D650800370A17 /* Debug */ = {
			isa = XCBuildConfiguration;
			baseConfigurationReference = 4ECFFB4F1E1E279C2CEDA421 /* Pods-UnitySwiftTests.debug.xcconfig */;
			buildSettings = {
				ALWAYS_EMBED_SWIFT_STANDARD_LIBRARIES = YES;
				BUNDLE_LOADER = "$(TEST_HOST)";
				CODE_SIGN_STYLE = Automatic;
				CURRENT_PROJECT_VERSION = 1;
				DEVELOPMENT_TEAM = C96Z3VF4U6;
				GENERATE_INFOPLIST_FILE = YES;
				IPHONEOS_DEPLOYMENT_TARGET = 15.0;
				LD_RUNPATH_SEARCH_PATHS = (
					"$(inherited)",
					"@executable_path/Frameworks",
					"@loader_path/Frameworks",
				);
				MARKETING_VERSION = 1.0;
				PRODUCT_BUNDLE_IDENTIFIER = jinyoung.dev.UnitySwiftTests;
				PRODUCT_NAME = "$(TARGET_NAME)";
				SWIFT_EMIT_LOC_STRINGS = NO;
				SWIFT_VERSION = 5.0;
				TARGETED_DEVICE_FAMILY = "1,2";
				TEST_HOST = "$(BUILT_PRODUCTS_DIR)/UnitySwift.app/UnitySwift";
			};
			name = Debug;
		};
		495B9FF2272D650800370A17 /* Release */ = {
			isa = XCBuildConfiguration;
			baseConfigurationReference = A8DC0E1F61B5FD22A6682391 /* Pods-UnitySwiftTests.release.xcconfig */;
			buildSettings = {
				ALWAYS_EMBED_SWIFT_STANDARD_LIBRARIES = YES;
				BUNDLE_LOADER = "$(TEST_HOST)";
				CODE_SIGN_STYLE = Automatic;
				CURRENT_PROJECT_VERSION = 1;
				DEVELOPMENT_TEAM = C96Z3VF4U6;
				GENERATE_INFOPLIST_FILE = YES;
				IPHONEOS_DEPLOYMENT_TARGET = 15.0;
				LD_RUNPATH_SEARCH_PATHS = (
					"$(inherited)",
					"@executable_path/Frameworks",
					"@loader_path/Frameworks",
				);
				MARKETING_VERSION = 1.0;
				PRODUCT_BUNDLE_IDENTIFIER = jinyoung.dev.UnitySwiftTests;
				PRODUCT_NAME = "$(TARGET_NAME)";
				SWIFT_EMIT_LOC_STRINGS = NO;
				SWIFT_VERSION = 5.0;
				TARGETED_DEVICE_FAMILY = "1,2";
				TEST_HOST = "$(BUILT_PRODUCTS_DIR)/UnitySwift.app/UnitySwift";
			};
			name = Release;
		};
		495B9FF4272D650800370A17 /* Debug */ = {
			isa = XCBuildConfiguration;
			baseConfigurationReference = 343BDF603516B46CD4D8ED2A /* Pods-UnitySwift-UnitySwiftUITests.debug.xcconfig */;
			buildSettings = {
				ALWAYS_EMBED_SWIFT_STANDARD_LIBRARIES = YES;
				CODE_SIGN_STYLE = Automatic;
				CURRENT_PROJECT_VERSION = 1;
				DEVELOPMENT_TEAM = C96Z3VF4U6;
				GENERATE_INFOPLIST_FILE = YES;
				LD_RUNPATH_SEARCH_PATHS = (
					"$(inherited)",
					"@executable_path/Frameworks",
					"@loader_path/Frameworks",
				);
				MARKETING_VERSION = 1.0;
				PRODUCT_BUNDLE_IDENTIFIER = jinyoung.dev.UnitySwiftUITests;
				PRODUCT_NAME = "$(TARGET_NAME)";
				SWIFT_EMIT_LOC_STRINGS = NO;
				SWIFT_VERSION = 5.0;
				TARGETED_DEVICE_FAMILY = "1,2";
				TEST_TARGET_NAME = UnitySwift;
			};
			name = Debug;
		};
		495B9FF5272D650800370A17 /* Release */ = {
			isa = XCBuildConfiguration;
			baseConfigurationReference = 5E9C09C218DC73DC58E6FEFF /* Pods-UnitySwift-UnitySwiftUITests.release.xcconfig */;
			buildSettings = {
				ALWAYS_EMBED_SWIFT_STANDARD_LIBRARIES = YES;
				CODE_SIGN_STYLE = Automatic;
				CURRENT_PROJECT_VERSION = 1;
				DEVELOPMENT_TEAM = C96Z3VF4U6;
				GENERATE_INFOPLIST_FILE = YES;
				LD_RUNPATH_SEARCH_PATHS = (
					"$(inherited)",
					"@executable_path/Frameworks",
					"@loader_path/Frameworks",
				);
				MARKETING_VERSION = 1.0;
				PRODUCT_BUNDLE_IDENTIFIER = jinyoung.dev.UnitySwiftUITests;
				PRODUCT_NAME = "$(TARGET_NAME)";
				SWIFT_EMIT_LOC_STRINGS = NO;
				SWIFT_VERSION = 5.0;
				TARGETED_DEVICE_FAMILY = "1,2";
				TEST_TARGET_NAME = UnitySwift;
			};
			name = Release;
		};
/* End XCBuildConfiguration section */

/* Begin XCConfigurationList section */
		495B9FBE272D650700370A17 /* Build configuration list for PBXProject "UnitySwift" */ = {
			isa = XCConfigurationList;
			buildConfigurations = (
				495B9FEB272D650800370A17 /* Debug */,
				495B9FEC272D650800370A17 /* Release */,
			);
			defaultConfigurationIsVisible = 0;
			defaultConfigurationName = Release;
		};
		495B9FED272D650800370A17 /* Build configuration list for PBXNativeTarget "UnitySwift" */ = {
			isa = XCConfigurationList;
			buildConfigurations = (
				495B9FEE272D650800370A17 /* Debug */,
				495B9FEF272D650800370A17 /* Release */,
			);
			defaultConfigurationIsVisible = 0;
			defaultConfigurationName = Release;
		};
		495B9FF0272D650800370A17 /* Build configuration list for PBXNativeTarget "UnitySwiftTests" */ = {
			isa = XCConfigurationList;
			buildConfigurations = (
				495B9FF1272D650800370A17 /* Debug */,
				495B9FF2272D650800370A17 /* Release */,
			);
			defaultConfigurationIsVisible = 0;
			defaultConfigurationName = Release;
		};
		495B9FF3272D650800370A17 /* Build configuration list for PBXNativeTarget "UnitySwiftUITests" */ = {
			isa = XCConfigurationList;
			buildConfigurations = (
				495B9FF4272D650800370A17 /* Debug */,
				495B9FF5272D650800370A17 /* Release */,
			);
			defaultConfigurationIsVisible = 0;
			defaultConfigurationName = Release;
		};
/* End XCConfigurationList section */
	};
	rootObject = 495B9FBB272D650700370A17 /* Project object */;
}
